
Microsoft Visual Studio Solution File, Format Version 12.00
# Visual Studio Version 17
VisualStudioVersion = 17.8.34330.188
MinimumVisualStudioVersion = 10.0.40219.1
Project("{FAE04EC0-301F-11D3-BF4B-00C04F79EFBC}") = "Custom Generic Class with Arrays", "Custom Generic Class with Arrays\Custom Generic Class with Arrays.csproj", "{B292269F-4EE7-4F1C-B101-4D0EE74BFE31}"
EndProject
Global
	GlobalSection(SolutionConfigurationPlatforms) = preSolution
		Debug|Any CPU = Debug|Any CPU
		Release|Any CPU = Release|Any CPU
	EndGlobalSection
	GlobalSection(ProjectConfigurationPlatforms) = postSolution
		{B292269F-4EE7-4F1C-B101-4D0EE74BFE31}.Debug|Any CPU.ActiveCfg = Debug|Any CPU
		{B292269F-4EE7-4F1C-B101-4D0EE74BFE31}.Debug|Any CPU.Build.0 = Debug|Any CPU
		{B292269F-4EE7-4F1C-B101-4D0EE74BFE31}.Release|Any CPU.ActiveCfg = Release|Any CPU
		{B292269F-4EE7-4F1C-B101-4D0EE74BFE31}.Release|Any CPU.Build.0 = Release|Any CPU
	EndGlobalSection
	GlobalSection(SolutionProperties) = preSolution
		HideSolutionNode = FALSE
	EndGlobalSection
	GlobalSection(ExtensibilityGlobals) = postSolution
		SolutionGuid = {8FACFADF-42B3-45D2-A3DA-EA75B12BCC5B}
	EndGlobalSection
EndGlobal
